{
  "name": "test(scaler_calc)",
  "version": "1.0.0",
  "lockfileVersion": 3,
  "requires": true,
  "packages": {
    "": {
      "name": "test(scaler_calc)",
      "version": "1.0.0",
      "license": "ISC",
      "dependencies": {
        "@janhvi-24/scaler_calc": "^1.0.0"
      }
    },
    "node_modules/@janhvi-24/scaler_calc": {
      "version": "1.0.0",
      "resolved": "https://registry.npmjs.org/@janhvi-24/scaler_calc/-/scaler_calc-1.0.0.tgz",
      "integrity": "sha512-bvc/SBYWe84pb/OulX17TNJY99LifdQAC1JT7URseU/Wycn+QQ0vZEZc5Sj9wxtpjdZCxlbtdYDz9LeFiIwWQg==",
      "license": "ISC"
    }
  }
}
